{
  "name": "palleon",
  "lockfileVersion": 3,
  "requires": true,
  "packages": {
    "": {
      "dependencies": {
        "ruler.js": "^1.0.1"
      }
    },
    "node_modules/ruler.js": {
      "version": "1.0.1",
      "resolved": "https://registry.npmjs.org/ruler.js/-/ruler.js-1.0.1.tgz",
      "integrity": "sha512-tiNCF6fkPheuIhhpYT1Jk2vFiKyqEdm9QBJR3a8nd4plREEPsTc/lYy7EedPNediBx912p4T1QHvN0SR3Hmmsg=="
    }
  }
}
